
Microsoft Visual Studio Solution File, Format Version 12.00
# Visual Studio Version 17
VisualStudioVersion = 17.14.36408.4 d17.14
MinimumVisualStudioVersion = 10.0.40219.1
Project("{FAE04EC0-301F-11D3-BF4B-00C04F79EFBC}") = "Actividad_Facultad", "Actividad_Facultad.csproj", "{F64576C0-24F7-42ED-8791-DE89651168A0}"
EndProject
Global
	GlobalSection(SolutionConfigurationPlatforms) = preSolution
		Debug|Any CPU = Debug|Any CPU
		Release|Any CPU = Release|Any CPU
	EndGlobalSection
	GlobalSection(ProjectConfigurationPlatforms) = postSolution
		{F64576C0-24F7-42ED-8791-DE89651168A0}.Debug|Any CPU.ActiveCfg = Debug|Any CPU
		{F64576C0-24F7-42ED-8791-DE89651168A0}.Debug|Any CPU.Build.0 = Debug|Any CPU
		{F64576C0-24F7-42ED-8791-DE89651168A0}.Release|Any CPU.ActiveCfg = Release|Any CPU
		{F64576C0-24F7-42ED-8791-DE89651168A0}.Release|Any CPU.Build.0 = Release|Any CPU
	EndGlobalSection
	GlobalSection(SolutionProperties) = preSolution
		HideSolutionNode = FALSE
	EndGlobalSection
	GlobalSection(ExtensibilityGlobals) = postSolution
		SolutionGuid = {0AA40F0B-10D8-46E4-A083-769DEFC143E7}
	EndGlobalSection
EndGlobal
